
Microsoft Visual Studio Solution File, Format Version 12.00
# Visual Studio 15
VisualStudioVersion = 15.0.28307.779
MinimumVisualStudioVersion = 10.0.40219.1
Project("{FAE04EC0-301F-11D3-BF4B-00C04F79EFBC}") = "Repository.Android", "Repository\Repository.Android\Repository.Android.csproj", "{05812905-4841-46A6-96DA-21DD49EC45F1}"
EndProject
Project("{FAE04EC0-301F-11D3-BF4B-00C04F79EFBC}") = "Repository", "Repository\Repository\Repository.csproj", "{EFF75C98-995D-4F8F-A6F0-4BB6FA02E424}"
EndProject
Global
	GlobalSection(SolutionConfigurationPlatforms) = preSolution
		Debug|Any CPU = Debug|Any CPU
		Release|Any CPU = Release|Any CPU
	EndGlobalSection
	GlobalSection(ProjectConfigurationPlatforms) = postSolution
		{05812905-4841-46A6-96DA-21DD49EC45F1}.Debug|Any CPU.ActiveCfg = Debug|Any CPU
		{05812905-4841-46A6-96DA-21DD49EC45F1}.Debug|Any CPU.Build.0 = Debug|Any CPU
		{05812905-4841-46A6-96DA-21DD49EC45F1}.Debug|Any CPU.Deploy.0 = Debug|Any CPU
		{05812905-4841-46A6-96DA-21DD49EC45F1}.Release|Any CPU.ActiveCfg = Release|Any CPU
		{05812905-4841-46A6-96DA-21DD49EC45F1}.Release|Any CPU.Build.0 = Release|Any CPU
		{05812905-4841-46A6-96DA-21DD49EC45F1}.Release|Any CPU.Deploy.0 = Release|Any CPU
		{EFF75C98-995D-4F8F-A6F0-4BB6FA02E424}.Debug|Any CPU.ActiveCfg = Debug|Any CPU
		{EFF75C98-995D-4F8F-A6F0-4BB6FA02E424}.Debug|Any CPU.Build.0 = Debug|Any CPU
		{EFF75C98-995D-4F8F-A6F0-4BB6FA02E424}.Debug|Any CPU.Deploy.0 = Debug|Any CPU
		{EFF75C98-995D-4F8F-A6F0-4BB6FA02E424}.Release|Any CPU.ActiveCfg = Release|Any CPU
		{EFF75C98-995D-4F8F-A6F0-4BB6FA02E424}.Release|Any CPU.Build.0 = Release|Any CPU
		{EFF75C98-995D-4F8F-A6F0-4BB6FA02E424}.Release|Any CPU.Deploy.0 = Release|Any CPU
	EndGlobalSection
	GlobalSection(SolutionProperties) = preSolution
		HideSolutionNode = FALSE
	EndGlobalSection
	GlobalSection(ExtensibilityGlobals) = postSolution
		SolutionGuid = {1885F40E-1042-4087-B2CE-E10D8D0F8655}
	EndGlobalSection
EndGlobal
