
Microsoft Visual Studio Solution File, Format Version 12.00
# Visual Studio 15
VisualStudioVersion = 15.0.28307.779
MinimumVisualStudioVersion = 10.0.40219.1
Project("{FAE04EC0-301F-11D3-BF4B-00C04F79EFBC}") = "FacadeXamarin.Android", "FacadeXamarin\FacadeXamarin.Android\FacadeXamarin.Android.csproj", "{8E106A91-142C-4FEA-99FF-A550A298F418}"
EndProject
Project("{FAE04EC0-301F-11D3-BF4B-00C04F79EFBC}") = "FacadeXamarin.iOS", "FacadeXamarin\FacadeXamarin.iOS\FacadeXamarin.iOS.csproj", "{34F980D6-C71B-4A9A-92C1-124DB28E34AB}"
EndProject
Project("{FAE04EC0-301F-11D3-BF4B-00C04F79EFBC}") = "FacadeXamarin", "FacadeXamarin\FacadeXamarin\FacadeXamarin.csproj", "{2553926A-17DD-476E-A74C-67B5F9A116DA}"
EndProject
Global
	GlobalSection(SolutionConfigurationPlatforms) = preSolution
		Ad-Hoc|Any CPU = Ad-Hoc|Any CPU
		Ad-Hoc|iPhone = Ad-Hoc|iPhone
		Ad-Hoc|iPhoneSimulator = Ad-Hoc|iPhoneSimulator
		AppStore|Any CPU = AppStore|Any CPU
		AppStore|iPhone = AppStore|iPhone
		AppStore|iPhoneSimulator = AppStore|iPhoneSimulator
		Debug|Any CPU = Debug|Any CPU
		Debug|iPhone = Debug|iPhone
		Debug|iPhoneSimulator = Debug|iPhoneSimulator
		Release|Any CPU = Release|Any CPU
		Release|iPhone = Release|iPhone
		Release|iPhoneSimulator = Release|iPhoneSimulator
	EndGlobalSection
	GlobalSection(ProjectConfigurationPlatforms) = postSolution
		{8E106A91-142C-4FEA-99FF-A550A298F418}.Ad-Hoc|Any CPU.ActiveCfg = Release|Any CPU
		{8E106A91-142C-4FEA-99FF-A550A298F418}.Ad-Hoc|Any CPU.Build.0 = Release|Any CPU
		{8E106A91-142C-4FEA-99FF-A550A298F418}.Ad-Hoc|Any CPU.Deploy.0 = Release|Any CPU
		{8E106A91-142C-4FEA-99FF-A550A298F418}.Ad-Hoc|iPhone.ActiveCfg = Release|Any CPU
		{8E106A91-142C-4FEA-99FF-A550A298F418}.Ad-Hoc|iPhone.Build.0 = Release|Any CPU
		{8E106A91-142C-4FEA-99FF-A550A298F418}.Ad-Hoc|iPhone.Deploy.0 = Release|Any CPU
		{8E106A91-142C-4FEA-99FF-A550A298F418}.Ad-Hoc|iPhoneSimulator.ActiveCfg = Release|Any CPU
		{8E106A91-142C-4FEA-99FF-A550A298F418}.Ad-Hoc|iPhoneSimulator.Build.0 = Release|Any CPU
		{8E106A91-142C-4FEA-99FF-A550A298F418}.Ad-Hoc|iPhoneSimulator.Deploy.0 = Release|Any CPU
		{8E106A91-142C-4FEA-99FF-A550A298F418}.AppStore|Any CPU.ActiveCfg = Release|Any CPU
		{8E106A91-142C-4FEA-99FF-A550A298F418}.AppStore|Any CPU.Build.0 = Release|Any CPU
		{8E106A91-142C-4FEA-99FF-A550A298F418}.AppStore|Any CPU.Deploy.0 = Release|Any CPU
		{8E106A91-142C-4FEA-99FF-A550A298F418}.AppStore|iPhone.ActiveCfg = Release|Any CPU
		{8E106A91-142C-4FEA-99FF-A550A298F418}.AppStore|iPhone.Build.0 = Release|Any CPU
		{8E106A91-142C-4FEA-99FF-A550A298F418}.AppStore|iPhone.Deploy.0 = Release|Any CPU
		{8E106A91-142C-4FEA-99FF-A550A298F418}.AppStore|iPhoneSimulator.ActiveCfg = Release|Any CPU
		{8E106A91-142C-4FEA-99FF-A550A298F418}.AppStore|iPhoneSimulator.Build.0 = Release|Any CPU
		{8E106A91-142C-4FEA-99FF-A550A298F418}.AppStore|iPhoneSimulator.Deploy.0 = Release|Any CPU
		{8E106A91-142C-4FEA-99FF-A550A298F418}.Debug|Any CPU.ActiveCfg = Debug|Any CPU
		{8E106A91-142C-4FEA-99FF-A550A298F418}.Debug|Any CPU.Build.0 = Debug|Any CPU
		{8E106A91-142C-4FEA-99FF-A550A298F418}.Debug|Any CPU.Deploy.0 = Debug|Any CPU
		{8E106A91-142C-4FEA-99FF-A550A298F418}.Debug|iPhone.ActiveCfg = Debug|Any CPU
		{8E106A91-142C-4FEA-99FF-A550A298F418}.Debug|iPhone.Build.0 = Debug|Any CPU
		{8E106A91-142C-4FEA-99FF-A550A298F418}.Debug|iPhone.Deploy.0 = Debug|Any CPU
		{8E106A91-142C-4FEA-99FF-A550A298F418}.Debug|iPhoneSimulator.ActiveCfg = Debug|Any CPU
		{8E106A91-142C-4FEA-99FF-A550A298F418}.Debug|iPhoneSimulator.Build.0 = Debug|Any CPU
		{8E106A91-142C-4FEA-99FF-A550A298F418}.Debug|iPhoneSimulator.Deploy.0 = Debug|Any CPU
		{8E106A91-142C-4FEA-99FF-A550A298F418}.Release|Any CPU.ActiveCfg = Release|Any CPU
		{8E106A91-142C-4FEA-99FF-A550A298F418}.Release|Any CPU.Build.0 = Release|Any CPU
		{8E106A91-142C-4FEA-99FF-A550A298F418}.Release|Any CPU.Deploy.0 = Release|Any CPU
		{8E106A91-142C-4FEA-99FF-A550A298F418}.Release|iPhone.ActiveCfg = Release|Any CPU
		{8E106A91-142C-4FEA-99FF-A550A298F418}.Release|iPhone.Build.0 = Release|Any CPU
		{8E106A91-142C-4FEA-99FF-A550A298F418}.Release|iPhone.Deploy.0 = Release|Any CPU
		{8E106A91-142C-4FEA-99FF-A550A298F418}.Release|iPhoneSimulator.ActiveCfg = Release|Any CPU
		{8E106A91-142C-4FEA-99FF-A550A298F418}.Release|iPhoneSimulator.Build.0 = Release|Any CPU
		{8E106A91-142C-4FEA-99FF-A550A298F418}.Release|iPhoneSimulator.Deploy.0 = Release|Any CPU
		{34F980D6-C71B-4A9A-92C1-124DB28E34AB}.Ad-Hoc|Any CPU.ActiveCfg = Ad-Hoc|iPhone
		{34F980D6-C71B-4A9A-92C1-124DB28E34AB}.Ad-Hoc|Any CPU.Build.0 = Ad-Hoc|iPhone
		{34F980D6-C71B-4A9A-92C1-124DB28E34AB}.Ad-Hoc|Any CPU.Deploy.0 = Ad-Hoc|iPhone
		{34F980D6-C71B-4A9A-92C1-124DB28E34AB}.Ad-Hoc|iPhone.ActiveCfg = Ad-Hoc|iPhone
		{34F980D6-C71B-4A9A-92C1-124DB28E34AB}.Ad-Hoc|iPhone.Build.0 = Ad-Hoc|iPhone
		{34F980D6-C71B-4A9A-92C1-124DB28E34AB}.Ad-Hoc|iPhone.Deploy.0 = Ad-Hoc|iPhone
		{34F980D6-C71B-4A9A-92C1-124DB28E34AB}.Ad-Hoc|iPhoneSimulator.ActiveCfg = Ad-Hoc|iPhoneSimulator
		{34F980D6-C71B-4A9A-92C1-124DB28E34AB}.Ad-Hoc|iPhoneSimulator.Build.0 = Ad-Hoc|iPhoneSimulator
		{34F980D6-C71B-4A9A-92C1-124DB28E34AB}.Ad-Hoc|iPhoneSimulator.Deploy.0 = Ad-Hoc|iPhoneSimulator
		{34F980D6-C71B-4A9A-92C1-124DB28E34AB}.AppStore|Any CPU.ActiveCfg = AppStore|iPhone
		{34F980D6-C71B-4A9A-92C1-124DB28E34AB}.AppStore|Any CPU.Build.0 = AppStore|iPhone
		{34F980D6-C71B-4A9A-92C1-124DB28E34AB}.AppStore|Any CPU.Deploy.0 = AppStore|iPhone
		{34F980D6-C71B-4A9A-92C1-124DB28E34AB}.AppStore|iPhone.ActiveCfg = AppStore|iPhone
		{34F980D6-C71B-4A9A-92C1-124DB28E34AB}.AppStore|iPhone.Build.0 = AppStore|iPhone
		{34F980D6-C71B-4A9A-92C1-124DB28E34AB}.AppStore|iPhone.Deploy.0 = AppStore|iPhone
		{34F980D6-C71B-4A9A-92C1-124DB28E34AB}.AppStore|iPhoneSimulator.ActiveCfg = AppStore|iPhoneSimulator
		{34F980D6-C71B-4A9A-92C1-124DB28E34AB}.AppStore|iPhoneSimulator.Build.0 = AppStore|iPhoneSimulator
		{34F980D6-C71B-4A9A-92C1-124DB28E34AB}.AppStore|iPhoneSimulator.Deploy.0 = AppStore|iPhoneSimulator
		{34F980D6-C71B-4A9A-92C1-124DB28E34AB}.Debug|Any CPU.ActiveCfg = Debug|iPhoneSimulator
		{34F980D6-C71B-4A9A-92C1-124DB28E34AB}.Debug|Any CPU.Build.0 = Debug|iPhoneSimulator
		{34F980D6-C71B-4A9A-92C1-124DB28E34AB}.Debug|Any CPU.Deploy.0 = Debug|iPhoneSimulator
		{34F980D6-C71B-4A9A-92C1-124DB28E34AB}.Debug|iPhone.ActiveCfg = Debug|iPhone
		{34F980D6-C71B-4A9A-92C1-124DB28E34AB}.Debug|iPhone.Build.0 = Debug|iPhone
		{34F980D6-C71B-4A9A-92C1-124DB28E34AB}.Debug|iPhone.Deploy.0 = Debug|iPhone
		{34F980D6-C71B-4A9A-92C1-124DB28E34AB}.Debug|iPhoneSimulator.ActiveCfg = Debug|iPhoneSimulator
		{34F980D6-C71B-4A9A-92C1-124DB28E34AB}.Debug|iPhoneSimulator.Build.0 = Debug|iPhoneSimulator
		{34F980D6-C71B-4A9A-92C1-124DB28E34AB}.Debug|iPhoneSimulator.Deploy.0 = Debug|iPhoneSimulator
		{34F980D6-C71B-4A9A-92C1-124DB28E34AB}.Release|Any CPU.ActiveCfg = Release|iPhone
		{34F980D6-C71B-4A9A-92C1-124DB28E34AB}.Release|Any CPU.Build.0 = Release|iPhone
		{34F980D6-C71B-4A9A-92C1-124DB28E34AB}.Release|Any CPU.Deploy.0 = Release|iPhone
		{34F980D6-C71B-4A9A-92C1-124DB28E34AB}.Release|iPhone.ActiveCfg = Release|iPhone
		{34F980D6-C71B-4A9A-92C1-124DB28E34AB}.Release|iPhone.Build.0 = Release|iPhone
		{34F980D6-C71B-4A9A-92C1-124DB28E34AB}.Release|iPhone.Deploy.0 = Release|iPhone
		{34F980D6-C71B-4A9A-92C1-124DB28E34AB}.Release|iPhoneSimulator.ActiveCfg = Release|iPhoneSimulator
		{34F980D6-C71B-4A9A-92C1-124DB28E34AB}.Release|iPhoneSimulator.Build.0 = Release|iPhoneSimulator
		{34F980D6-C71B-4A9A-92C1-124DB28E34AB}.Release|iPhoneSimulator.Deploy.0 = Release|iPhoneSimulator
		{2553926A-17DD-476E-A74C-67B5F9A116DA}.Ad-Hoc|Any CPU.ActiveCfg = Debug|Any CPU
		{2553926A-17DD-476E-A74C-67B5F9A116DA}.Ad-Hoc|Any CPU.Build.0 = Debug|Any CPU
		{2553926A-17DD-476E-A74C-67B5F9A116DA}.Ad-Hoc|Any CPU.Deploy.0 = Debug|Any CPU
		{2553926A-17DD-476E-A74C-67B5F9A116DA}.Ad-Hoc|iPhone.ActiveCfg = Debug|Any CPU
		{2553926A-17DD-476E-A74C-67B5F9A116DA}.Ad-Hoc|iPhone.Build.0 = Debug|Any CPU
		{2553926A-17DD-476E-A74C-67B5F9A116DA}.Ad-Hoc|iPhone.Deploy.0 = Debug|Any CPU
		{2553926A-17DD-476E-A74C-67B5F9A116DA}.Ad-Hoc|iPhoneSimulator.ActiveCfg = Debug|Any CPU
		{2553926A-17DD-476E-A74C-67B5F9A116DA}.Ad-Hoc|iPhoneSimulator.Build.0 = Debug|Any CPU
		{2553926A-17DD-476E-A74C-67B5F9A116DA}.Ad-Hoc|iPhoneSimulator.Deploy.0 = Debug|Any CPU
		{2553926A-17DD-476E-A74C-67B5F9A116DA}.AppStore|Any CPU.ActiveCfg = Debug|Any CPU
		{2553926A-17DD-476E-A74C-67B5F9A116DA}.AppStore|Any CPU.Build.0 = Debug|Any CPU
		{2553926A-17DD-476E-A74C-67B5F9A116DA}.AppStore|Any CPU.Deploy.0 = Debug|Any CPU
		{2553926A-17DD-476E-A74C-67B5F9A116DA}.AppStore|iPhone.ActiveCfg = Debug|Any CPU
		{2553926A-17DD-476E-A74C-67B5F9A116DA}.AppStore|iPhone.Build.0 = Debug|Any CPU
		{2553926A-17DD-476E-A74C-67B5F9A116DA}.AppStore|iPhone.Deploy.0 = Debug|Any CPU
		{2553926A-17DD-476E-A74C-67B5F9A116DA}.AppStore|iPhoneSimulator.ActiveCfg = Debug|Any CPU
		{2553926A-17DD-476E-A74C-67B5F9A116DA}.AppStore|iPhoneSimulator.Build.0 = Debug|Any CPU
		{2553926A-17DD-476E-A74C-67B5F9A116DA}.AppStore|iPhoneSimulator.Deploy.0 = Debug|Any CPU
		{2553926A-17DD-476E-A74C-67B5F9A116DA}.Debug|Any CPU.ActiveCfg = Debug|Any CPU
		{2553926A-17DD-476E-A74C-67B5F9A116DA}.Debug|Any CPU.Build.0 = Debug|Any CPU
		{2553926A-17DD-476E-A74C-67B5F9A116DA}.Debug|Any CPU.Deploy.0 = Debug|Any CPU
		{2553926A-17DD-476E-A74C-67B5F9A116DA}.Debug|iPhone.ActiveCfg = Debug|Any CPU
		{2553926A-17DD-476E-A74C-67B5F9A116DA}.Debug|iPhone.Build.0 = Debug|Any CPU
		{2553926A-17DD-476E-A74C-67B5F9A116DA}.Debug|iPhone.Deploy.0 = Debug|Any CPU
		{2553926A-17DD-476E-A74C-67B5F9A116DA}.Debug|iPhoneSimulator.ActiveCfg = Debug|Any CPU
		{2553926A-17DD-476E-A74C-67B5F9A116DA}.Debug|iPhoneSimulator.Build.0 = Debug|Any CPU
		{2553926A-17DD-476E-A74C-67B5F9A116DA}.Debug|iPhoneSimulator.Deploy.0 = Debug|Any CPU
		{2553926A-17DD-476E-A74C-67B5F9A116DA}.Release|Any CPU.ActiveCfg = Release|Any CPU
		{2553926A-17DD-476E-A74C-67B5F9A116DA}.Release|Any CPU.Build.0 = Release|Any CPU
		{2553926A-17DD-476E-A74C-67B5F9A116DA}.Release|Any CPU.Deploy.0 = Release|Any CPU
		{2553926A-17DD-476E-A74C-67B5F9A116DA}.Release|iPhone.ActiveCfg = Release|Any CPU
		{2553926A-17DD-476E-A74C-67B5F9A116DA}.Release|iPhone.Build.0 = Release|Any CPU
		{2553926A-17DD-476E-A74C-67B5F9A116DA}.Release|iPhone.Deploy.0 = Release|Any CPU
		{2553926A-17DD-476E-A74C-67B5F9A116DA}.Release|iPhoneSimulator.ActiveCfg = Release|Any CPU
		{2553926A-17DD-476E-A74C-67B5F9A116DA}.Release|iPhoneSimulator.Build.0 = Release|Any CPU
		{2553926A-17DD-476E-A74C-67B5F9A116DA}.Release|iPhoneSimulator.Deploy.0 = Release|Any CPU
	EndGlobalSection
	GlobalSection(SolutionProperties) = preSolution
		HideSolutionNode = FALSE
	EndGlobalSection
	GlobalSection(ExtensibilityGlobals) = postSolution
		SolutionGuid = {1AF67C88-6E66-43A2-96A0-73A9B21C0A35}
	EndGlobalSection
EndGlobal
