
Microsoft Visual Studio Solution File, Format Version 12.00
# Visual Studio 15
VisualStudioVersion = 15.0.28307.779
MinimumVisualStudioVersion = 10.0.40219.1
Project("{FAE04EC0-301F-11D3-BF4B-00C04F79EFBC}") = "IOC_Pattern.Android", "IOC_Pattern\IOC_Pattern.Android\IOC_Pattern.Android.csproj", "{BC5EB1F5-49EC-4BE6-8FE0-4C14C69D8990}"
EndProject
Project("{FAE04EC0-301F-11D3-BF4B-00C04F79EFBC}") = "IOC_Pattern.iOS", "IOC_Pattern\IOC_Pattern.iOS\IOC_Pattern.iOS.csproj", "{C8E5C5C8-02A2-40B4-A668-2CBBFA03001E}"
EndProject
Project("{FAE04EC0-301F-11D3-BF4B-00C04F79EFBC}") = "IOC_Pattern", "IOC_Pattern\IOC_Pattern\IOC_Pattern.csproj", "{9AFAF700-2D57-4953-99B1-376367436004}"
EndProject
Project("{FAE04EC0-301F-11D3-BF4B-00C04F79EFBC}") = "DLL", "DLL\DLL.csproj", "{687ED971-E9D7-4B0E-8C1B-EDF63F4581AB}"
EndProject
Project("{FAE04EC0-301F-11D3-BF4B-00C04F79EFBC}") = "Console_IOC", "Console_IOC\Console_IOC.csproj", "{B69BE961-1C72-42D5-A806-FF6F128FCF79}"
EndProject
Global
	GlobalSection(SolutionConfigurationPlatforms) = preSolution
		Ad-Hoc|Any CPU = Ad-Hoc|Any CPU
		Ad-Hoc|iPhone = Ad-Hoc|iPhone
		Ad-Hoc|iPhoneSimulator = Ad-Hoc|iPhoneSimulator
		AppStore|Any CPU = AppStore|Any CPU
		AppStore|iPhone = AppStore|iPhone
		AppStore|iPhoneSimulator = AppStore|iPhoneSimulator
		Debug|Any CPU = Debug|Any CPU
		Debug|iPhone = Debug|iPhone
		Debug|iPhoneSimulator = Debug|iPhoneSimulator
		Release|Any CPU = Release|Any CPU
		Release|iPhone = Release|iPhone
		Release|iPhoneSimulator = Release|iPhoneSimulator
	EndGlobalSection
	GlobalSection(ProjectConfigurationPlatforms) = postSolution
		{BC5EB1F5-49EC-4BE6-8FE0-4C14C69D8990}.Ad-Hoc|Any CPU.ActiveCfg = Release|Any CPU
		{BC5EB1F5-49EC-4BE6-8FE0-4C14C69D8990}.Ad-Hoc|Any CPU.Build.0 = Release|Any CPU
		{BC5EB1F5-49EC-4BE6-8FE0-4C14C69D8990}.Ad-Hoc|Any CPU.Deploy.0 = Release|Any CPU
		{BC5EB1F5-49EC-4BE6-8FE0-4C14C69D8990}.Ad-Hoc|iPhone.ActiveCfg = Release|Any CPU
		{BC5EB1F5-49EC-4BE6-8FE0-4C14C69D8990}.Ad-Hoc|iPhone.Build.0 = Release|Any CPU
		{BC5EB1F5-49EC-4BE6-8FE0-4C14C69D8990}.Ad-Hoc|iPhone.Deploy.0 = Release|Any CPU
		{BC5EB1F5-49EC-4BE6-8FE0-4C14C69D8990}.Ad-Hoc|iPhoneSimulator.ActiveCfg = Release|Any CPU
		{BC5EB1F5-49EC-4BE6-8FE0-4C14C69D8990}.Ad-Hoc|iPhoneSimulator.Build.0 = Release|Any CPU
		{BC5EB1F5-49EC-4BE6-8FE0-4C14C69D8990}.Ad-Hoc|iPhoneSimulator.Deploy.0 = Release|Any CPU
		{BC5EB1F5-49EC-4BE6-8FE0-4C14C69D8990}.AppStore|Any CPU.ActiveCfg = Release|Any CPU
		{BC5EB1F5-49EC-4BE6-8FE0-4C14C69D8990}.AppStore|Any CPU.Build.0 = Release|Any CPU
		{BC5EB1F5-49EC-4BE6-8FE0-4C14C69D8990}.AppStore|Any CPU.Deploy.0 = Release|Any CPU
		{BC5EB1F5-49EC-4BE6-8FE0-4C14C69D8990}.AppStore|iPhone.ActiveCfg = Release|Any CPU
		{BC5EB1F5-49EC-4BE6-8FE0-4C14C69D8990}.AppStore|iPhone.Build.0 = Release|Any CPU
		{BC5EB1F5-49EC-4BE6-8FE0-4C14C69D8990}.AppStore|iPhone.Deploy.0 = Release|Any CPU
		{BC5EB1F5-49EC-4BE6-8FE0-4C14C69D8990}.AppStore|iPhoneSimulator.ActiveCfg = Release|Any CPU
		{BC5EB1F5-49EC-4BE6-8FE0-4C14C69D8990}.AppStore|iPhoneSimulator.Build.0 = Release|Any CPU
		{BC5EB1F5-49EC-4BE6-8FE0-4C14C69D8990}.AppStore|iPhoneSimulator.Deploy.0 = Release|Any CPU
		{BC5EB1F5-49EC-4BE6-8FE0-4C14C69D8990}.Debug|Any CPU.ActiveCfg = Debug|Any CPU
		{BC5EB1F5-49EC-4BE6-8FE0-4C14C69D8990}.Debug|Any CPU.Build.0 = Debug|Any CPU
		{BC5EB1F5-49EC-4BE6-8FE0-4C14C69D8990}.Debug|Any CPU.Deploy.0 = Debug|Any CPU
		{BC5EB1F5-49EC-4BE6-8FE0-4C14C69D8990}.Debug|iPhone.ActiveCfg = Debug|Any CPU
		{BC5EB1F5-49EC-4BE6-8FE0-4C14C69D8990}.Debug|iPhone.Build.0 = Debug|Any CPU
		{BC5EB1F5-49EC-4BE6-8FE0-4C14C69D8990}.Debug|iPhone.Deploy.0 = Debug|Any CPU
		{BC5EB1F5-49EC-4BE6-8FE0-4C14C69D8990}.Debug|iPhoneSimulator.ActiveCfg = Debug|Any CPU
		{BC5EB1F5-49EC-4BE6-8FE0-4C14C69D8990}.Debug|iPhoneSimulator.Build.0 = Debug|Any CPU
		{BC5EB1F5-49EC-4BE6-8FE0-4C14C69D8990}.Debug|iPhoneSimulator.Deploy.0 = Debug|Any CPU
		{BC5EB1F5-49EC-4BE6-8FE0-4C14C69D8990}.Release|Any CPU.ActiveCfg = Release|Any CPU
		{BC5EB1F5-49EC-4BE6-8FE0-4C14C69D8990}.Release|Any CPU.Build.0 = Release|Any CPU
		{BC5EB1F5-49EC-4BE6-8FE0-4C14C69D8990}.Release|Any CPU.Deploy.0 = Release|Any CPU
		{BC5EB1F5-49EC-4BE6-8FE0-4C14C69D8990}.Release|iPhone.ActiveCfg = Release|Any CPU
		{BC5EB1F5-49EC-4BE6-8FE0-4C14C69D8990}.Release|iPhone.Build.0 = Release|Any CPU
		{BC5EB1F5-49EC-4BE6-8FE0-4C14C69D8990}.Release|iPhone.Deploy.0 = Release|Any CPU
		{BC5EB1F5-49EC-4BE6-8FE0-4C14C69D8990}.Release|iPhoneSimulator.ActiveCfg = Release|Any CPU
		{BC5EB1F5-49EC-4BE6-8FE0-4C14C69D8990}.Release|iPhoneSimulator.Build.0 = Release|Any CPU
		{BC5EB1F5-49EC-4BE6-8FE0-4C14C69D8990}.Release|iPhoneSimulator.Deploy.0 = Release|Any CPU
		{C8E5C5C8-02A2-40B4-A668-2CBBFA03001E}.Ad-Hoc|Any CPU.ActiveCfg = Ad-Hoc|iPhone
		{C8E5C5C8-02A2-40B4-A668-2CBBFA03001E}.Ad-Hoc|Any CPU.Build.0 = Ad-Hoc|iPhone
		{C8E5C5C8-02A2-40B4-A668-2CBBFA03001E}.Ad-Hoc|Any CPU.Deploy.0 = Ad-Hoc|iPhone
		{C8E5C5C8-02A2-40B4-A668-2CBBFA03001E}.Ad-Hoc|iPhone.ActiveCfg = Ad-Hoc|iPhone
		{C8E5C5C8-02A2-40B4-A668-2CBBFA03001E}.Ad-Hoc|iPhone.Build.0 = Ad-Hoc|iPhone
		{C8E5C5C8-02A2-40B4-A668-2CBBFA03001E}.Ad-Hoc|iPhone.Deploy.0 = Ad-Hoc|iPhone
		{C8E5C5C8-02A2-40B4-A668-2CBBFA03001E}.Ad-Hoc|iPhoneSimulator.ActiveCfg = Ad-Hoc|iPhoneSimulator
		{C8E5C5C8-02A2-40B4-A668-2CBBFA03001E}.Ad-Hoc|iPhoneSimulator.Build.0 = Ad-Hoc|iPhoneSimulator
		{C8E5C5C8-02A2-40B4-A668-2CBBFA03001E}.Ad-Hoc|iPhoneSimulator.Deploy.0 = Ad-Hoc|iPhoneSimulator
		{C8E5C5C8-02A2-40B4-A668-2CBBFA03001E}.AppStore|Any CPU.ActiveCfg = AppStore|iPhone
		{C8E5C5C8-02A2-40B4-A668-2CBBFA03001E}.AppStore|Any CPU.Build.0 = AppStore|iPhone
		{C8E5C5C8-02A2-40B4-A668-2CBBFA03001E}.AppStore|Any CPU.Deploy.0 = AppStore|iPhone
		{C8E5C5C8-02A2-40B4-A668-2CBBFA03001E}.AppStore|iPhone.ActiveCfg = AppStore|iPhone
		{C8E5C5C8-02A2-40B4-A668-2CBBFA03001E}.AppStore|iPhone.Build.0 = AppStore|iPhone
		{C8E5C5C8-02A2-40B4-A668-2CBBFA03001E}.AppStore|iPhone.Deploy.0 = AppStore|iPhone
		{C8E5C5C8-02A2-40B4-A668-2CBBFA03001E}.AppStore|iPhoneSimulator.ActiveCfg = AppStore|iPhoneSimulator
		{C8E5C5C8-02A2-40B4-A668-2CBBFA03001E}.AppStore|iPhoneSimulator.Build.0 = AppStore|iPhoneSimulator
		{C8E5C5C8-02A2-40B4-A668-2CBBFA03001E}.AppStore|iPhoneSimulator.Deploy.0 = AppStore|iPhoneSimulator
		{C8E5C5C8-02A2-40B4-A668-2CBBFA03001E}.Debug|Any CPU.ActiveCfg = Debug|iPhoneSimulator
		{C8E5C5C8-02A2-40B4-A668-2CBBFA03001E}.Debug|Any CPU.Build.0 = Debug|iPhoneSimulator
		{C8E5C5C8-02A2-40B4-A668-2CBBFA03001E}.Debug|Any CPU.Deploy.0 = Debug|iPhoneSimulator
		{C8E5C5C8-02A2-40B4-A668-2CBBFA03001E}.Debug|iPhone.ActiveCfg = Debug|iPhone
		{C8E5C5C8-02A2-40B4-A668-2CBBFA03001E}.Debug|iPhone.Build.0 = Debug|iPhone
		{C8E5C5C8-02A2-40B4-A668-2CBBFA03001E}.Debug|iPhone.Deploy.0 = Debug|iPhone
		{C8E5C5C8-02A2-40B4-A668-2CBBFA03001E}.Debug|iPhoneSimulator.ActiveCfg = Debug|iPhoneSimulator
		{C8E5C5C8-02A2-40B4-A668-2CBBFA03001E}.Debug|iPhoneSimulator.Build.0 = Debug|iPhoneSimulator
		{C8E5C5C8-02A2-40B4-A668-2CBBFA03001E}.Debug|iPhoneSimulator.Deploy.0 = Debug|iPhoneSimulator
		{C8E5C5C8-02A2-40B4-A668-2CBBFA03001E}.Release|Any CPU.ActiveCfg = Release|iPhone
		{C8E5C5C8-02A2-40B4-A668-2CBBFA03001E}.Release|Any CPU.Build.0 = Release|iPhone
		{C8E5C5C8-02A2-40B4-A668-2CBBFA03001E}.Release|Any CPU.Deploy.0 = Release|iPhone
		{C8E5C5C8-02A2-40B4-A668-2CBBFA03001E}.Release|iPhone.ActiveCfg = Release|iPhone
		{C8E5C5C8-02A2-40B4-A668-2CBBFA03001E}.Release|iPhone.Build.0 = Release|iPhone
		{C8E5C5C8-02A2-40B4-A668-2CBBFA03001E}.Release|iPhone.Deploy.0 = Release|iPhone
		{C8E5C5C8-02A2-40B4-A668-2CBBFA03001E}.Release|iPhoneSimulator.ActiveCfg = Release|iPhoneSimulator
		{C8E5C5C8-02A2-40B4-A668-2CBBFA03001E}.Release|iPhoneSimulator.Build.0 = Release|iPhoneSimulator
		{C8E5C5C8-02A2-40B4-A668-2CBBFA03001E}.Release|iPhoneSimulator.Deploy.0 = Release|iPhoneSimulator
		{9AFAF700-2D57-4953-99B1-376367436004}.Ad-Hoc|Any CPU.ActiveCfg = Debug|Any CPU
		{9AFAF700-2D57-4953-99B1-376367436004}.Ad-Hoc|Any CPU.Build.0 = Debug|Any CPU
		{9AFAF700-2D57-4953-99B1-376367436004}.Ad-Hoc|Any CPU.Deploy.0 = Debug|Any CPU
		{9AFAF700-2D57-4953-99B1-376367436004}.Ad-Hoc|iPhone.ActiveCfg = Debug|Any CPU
		{9AFAF700-2D57-4953-99B1-376367436004}.Ad-Hoc|iPhone.Build.0 = Debug|Any CPU
		{9AFAF700-2D57-4953-99B1-376367436004}.Ad-Hoc|iPhone.Deploy.0 = Debug|Any CPU
		{9AFAF700-2D57-4953-99B1-376367436004}.Ad-Hoc|iPhoneSimulator.ActiveCfg = Debug|Any CPU
		{9AFAF700-2D57-4953-99B1-376367436004}.Ad-Hoc|iPhoneSimulator.Build.0 = Debug|Any CPU
		{9AFAF700-2D57-4953-99B1-376367436004}.Ad-Hoc|iPhoneSimulator.Deploy.0 = Debug|Any CPU
		{9AFAF700-2D57-4953-99B1-376367436004}.AppStore|Any CPU.ActiveCfg = Debug|Any CPU
		{9AFAF700-2D57-4953-99B1-376367436004}.AppStore|Any CPU.Build.0 = Debug|Any CPU
		{9AFAF700-2D57-4953-99B1-376367436004}.AppStore|Any CPU.Deploy.0 = Debug|Any CPU
		{9AFAF700-2D57-4953-99B1-376367436004}.AppStore|iPhone.ActiveCfg = Debug|Any CPU
		{9AFAF700-2D57-4953-99B1-376367436004}.AppStore|iPhone.Build.0 = Debug|Any CPU
		{9AFAF700-2D57-4953-99B1-376367436004}.AppStore|iPhone.Deploy.0 = Debug|Any CPU
		{9AFAF700-2D57-4953-99B1-376367436004}.AppStore|iPhoneSimulator.ActiveCfg = Debug|Any CPU
		{9AFAF700-2D57-4953-99B1-376367436004}.AppStore|iPhoneSimulator.Build.0 = Debug|Any CPU
		{9AFAF700-2D57-4953-99B1-376367436004}.AppStore|iPhoneSimulator.Deploy.0 = Debug|Any CPU
		{9AFAF700-2D57-4953-99B1-376367436004}.Debug|Any CPU.ActiveCfg = Debug|Any CPU
		{9AFAF700-2D57-4953-99B1-376367436004}.Debug|Any CPU.Build.0 = Debug|Any CPU
		{9AFAF700-2D57-4953-99B1-376367436004}.Debug|Any CPU.Deploy.0 = Debug|Any CPU
		{9AFAF700-2D57-4953-99B1-376367436004}.Debug|iPhone.ActiveCfg = Debug|Any CPU
		{9AFAF700-2D57-4953-99B1-376367436004}.Debug|iPhone.Build.0 = Debug|Any CPU
		{9AFAF700-2D57-4953-99B1-376367436004}.Debug|iPhone.Deploy.0 = Debug|Any CPU
		{9AFAF700-2D57-4953-99B1-376367436004}.Debug|iPhoneSimulator.ActiveCfg = Debug|Any CPU
		{9AFAF700-2D57-4953-99B1-376367436004}.Debug|iPhoneSimulator.Build.0 = Debug|Any CPU
		{9AFAF700-2D57-4953-99B1-376367436004}.Debug|iPhoneSimulator.Deploy.0 = Debug|Any CPU
		{9AFAF700-2D57-4953-99B1-376367436004}.Release|Any CPU.ActiveCfg = Release|Any CPU
		{9AFAF700-2D57-4953-99B1-376367436004}.Release|Any CPU.Build.0 = Release|Any CPU
		{9AFAF700-2D57-4953-99B1-376367436004}.Release|Any CPU.Deploy.0 = Release|Any CPU
		{9AFAF700-2D57-4953-99B1-376367436004}.Release|iPhone.ActiveCfg = Release|Any CPU
		{9AFAF700-2D57-4953-99B1-376367436004}.Release|iPhone.Build.0 = Release|Any CPU
		{9AFAF700-2D57-4953-99B1-376367436004}.Release|iPhone.Deploy.0 = Release|Any CPU
		{9AFAF700-2D57-4953-99B1-376367436004}.Release|iPhoneSimulator.ActiveCfg = Release|Any CPU
		{9AFAF700-2D57-4953-99B1-376367436004}.Release|iPhoneSimulator.Build.0 = Release|Any CPU
		{9AFAF700-2D57-4953-99B1-376367436004}.Release|iPhoneSimulator.Deploy.0 = Release|Any CPU
		{687ED971-E9D7-4B0E-8C1B-EDF63F4581AB}.Ad-Hoc|Any CPU.ActiveCfg = Release|Any CPU
		{687ED971-E9D7-4B0E-8C1B-EDF63F4581AB}.Ad-Hoc|Any CPU.Build.0 = Release|Any CPU
		{687ED971-E9D7-4B0E-8C1B-EDF63F4581AB}.Ad-Hoc|iPhone.ActiveCfg = Release|Any CPU
		{687ED971-E9D7-4B0E-8C1B-EDF63F4581AB}.Ad-Hoc|iPhone.Build.0 = Release|Any CPU
		{687ED971-E9D7-4B0E-8C1B-EDF63F4581AB}.Ad-Hoc|iPhoneSimulator.ActiveCfg = Release|Any CPU
		{687ED971-E9D7-4B0E-8C1B-EDF63F4581AB}.Ad-Hoc|iPhoneSimulator.Build.0 = Release|Any CPU
		{687ED971-E9D7-4B0E-8C1B-EDF63F4581AB}.AppStore|Any CPU.ActiveCfg = Release|Any CPU
		{687ED971-E9D7-4B0E-8C1B-EDF63F4581AB}.AppStore|Any CPU.Build.0 = Release|Any CPU
		{687ED971-E9D7-4B0E-8C1B-EDF63F4581AB}.AppStore|iPhone.ActiveCfg = Release|Any CPU
		{687ED971-E9D7-4B0E-8C1B-EDF63F4581AB}.AppStore|iPhone.Build.0 = Release|Any CPU
		{687ED971-E9D7-4B0E-8C1B-EDF63F4581AB}.AppStore|iPhoneSimulator.ActiveCfg = Release|Any CPU
		{687ED971-E9D7-4B0E-8C1B-EDF63F4581AB}.AppStore|iPhoneSimulator.Build.0 = Release|Any CPU
		{687ED971-E9D7-4B0E-8C1B-EDF63F4581AB}.Debug|Any CPU.ActiveCfg = Debug|Any CPU
		{687ED971-E9D7-4B0E-8C1B-EDF63F4581AB}.Debug|Any CPU.Build.0 = Debug|Any CPU
		{687ED971-E9D7-4B0E-8C1B-EDF63F4581AB}.Debug|iPhone.ActiveCfg = Debug|Any CPU
		{687ED971-E9D7-4B0E-8C1B-EDF63F4581AB}.Debug|iPhone.Build.0 = Debug|Any CPU
		{687ED971-E9D7-4B0E-8C1B-EDF63F4581AB}.Debug|iPhoneSimulator.ActiveCfg = Debug|Any CPU
		{687ED971-E9D7-4B0E-8C1B-EDF63F4581AB}.Debug|iPhoneSimulator.Build.0 = Debug|Any CPU
		{687ED971-E9D7-4B0E-8C1B-EDF63F4581AB}.Release|Any CPU.ActiveCfg = Release|Any CPU
		{687ED971-E9D7-4B0E-8C1B-EDF63F4581AB}.Release|Any CPU.Build.0 = Release|Any CPU
		{687ED971-E9D7-4B0E-8C1B-EDF63F4581AB}.Release|iPhone.ActiveCfg = Release|Any CPU
		{687ED971-E9D7-4B0E-8C1B-EDF63F4581AB}.Release|iPhone.Build.0 = Release|Any CPU
		{687ED971-E9D7-4B0E-8C1B-EDF63F4581AB}.Release|iPhoneSimulator.ActiveCfg = Release|Any CPU
		{687ED971-E9D7-4B0E-8C1B-EDF63F4581AB}.Release|iPhoneSimulator.Build.0 = Release|Any CPU
		{B69BE961-1C72-42D5-A806-FF6F128FCF79}.Ad-Hoc|Any CPU.ActiveCfg = Release|Any CPU
		{B69BE961-1C72-42D5-A806-FF6F128FCF79}.Ad-Hoc|Any CPU.Build.0 = Release|Any CPU
		{B69BE961-1C72-42D5-A806-FF6F128FCF79}.Ad-Hoc|iPhone.ActiveCfg = Release|Any CPU
		{B69BE961-1C72-42D5-A806-FF6F128FCF79}.Ad-Hoc|iPhone.Build.0 = Release|Any CPU
		{B69BE961-1C72-42D5-A806-FF6F128FCF79}.Ad-Hoc|iPhoneSimulator.ActiveCfg = Release|Any CPU
		{B69BE961-1C72-42D5-A806-FF6F128FCF79}.Ad-Hoc|iPhoneSimulator.Build.0 = Release|Any CPU
		{B69BE961-1C72-42D5-A806-FF6F128FCF79}.AppStore|Any CPU.ActiveCfg = Release|Any CPU
		{B69BE961-1C72-42D5-A806-FF6F128FCF79}.AppStore|Any CPU.Build.0 = Release|Any CPU
		{B69BE961-1C72-42D5-A806-FF6F128FCF79}.AppStore|iPhone.ActiveCfg = Release|Any CPU
		{B69BE961-1C72-42D5-A806-FF6F128FCF79}.AppStore|iPhone.Build.0 = Release|Any CPU
		{B69BE961-1C72-42D5-A806-FF6F128FCF79}.AppStore|iPhoneSimulator.ActiveCfg = Release|Any CPU
		{B69BE961-1C72-42D5-A806-FF6F128FCF79}.AppStore|iPhoneSimulator.Build.0 = Release|Any CPU
		{B69BE961-1C72-42D5-A806-FF6F128FCF79}.Debug|Any CPU.ActiveCfg = Debug|Any CPU
		{B69BE961-1C72-42D5-A806-FF6F128FCF79}.Debug|Any CPU.Build.0 = Debug|Any CPU
		{B69BE961-1C72-42D5-A806-FF6F128FCF79}.Debug|iPhone.ActiveCfg = Debug|Any CPU
		{B69BE961-1C72-42D5-A806-FF6F128FCF79}.Debug|iPhone.Build.0 = Debug|Any CPU
		{B69BE961-1C72-42D5-A806-FF6F128FCF79}.Debug|iPhoneSimulator.ActiveCfg = Debug|Any CPU
		{B69BE961-1C72-42D5-A806-FF6F128FCF79}.Debug|iPhoneSimulator.Build.0 = Debug|Any CPU
		{B69BE961-1C72-42D5-A806-FF6F128FCF79}.Release|Any CPU.ActiveCfg = Release|Any CPU
		{B69BE961-1C72-42D5-A806-FF6F128FCF79}.Release|Any CPU.Build.0 = Release|Any CPU
		{B69BE961-1C72-42D5-A806-FF6F128FCF79}.Release|iPhone.ActiveCfg = Release|Any CPU
		{B69BE961-1C72-42D5-A806-FF6F128FCF79}.Release|iPhone.Build.0 = Release|Any CPU
		{B69BE961-1C72-42D5-A806-FF6F128FCF79}.Release|iPhoneSimulator.ActiveCfg = Release|Any CPU
		{B69BE961-1C72-42D5-A806-FF6F128FCF79}.Release|iPhoneSimulator.Build.0 = Release|Any CPU
	EndGlobalSection
	GlobalSection(SolutionProperties) = preSolution
		HideSolutionNode = FALSE
	EndGlobalSection
	GlobalSection(ExtensibilityGlobals) = postSolution
		SolutionGuid = {0D2C4169-613D-45E6-A1C1-50FEC426BB8F}
	EndGlobalSection
EndGlobal
