
Microsoft Visual Studio Solution File, Format Version 12.00
# Visual Studio 15
VisualStudioVersion = 15.0.28307.779
MinimumVisualStudioVersion = 10.0.40219.1
Project("{FAE04EC0-301F-11D3-BF4B-00C04F79EFBC}") = "ProxyXamarinP.Android", "ProxyXamarinP\ProxyXamarinP.Android\ProxyXamarinP.Android.csproj", "{5CBF394B-0330-4587-8625-5BA396BA85A8}"
EndProject
Project("{FAE04EC0-301F-11D3-BF4B-00C04F79EFBC}") = "ProxyXamarinP.iOS", "ProxyXamarinP\ProxyXamarinP.iOS\ProxyXamarinP.iOS.csproj", "{28D37469-C9EB-4209-B9F0-006CAA599413}"
EndProject
Project("{FAE04EC0-301F-11D3-BF4B-00C04F79EFBC}") = "ProxyXamarinP", "ProxyXamarinP\ProxyXamarinP\ProxyXamarinP.csproj", "{6C989F2C-AE39-449F-BAAB-E933EFAFB723}"
EndProject
Project("{FAE04EC0-301F-11D3-BF4B-00C04F79EFBC}") = "ConsoleApp", "ConsoleApp\ConsoleApp.csproj", "{D1D1D2F3-0D23-4D94-86C8-F9A45E2CC320}"
EndProject
Project("{FAE04EC0-301F-11D3-BF4B-00C04F79EFBC}") = "DLL", "DLL\DLL.csproj", "{1AFDE089-8FC1-43B5-92B0-4E93EB911C4C}"
EndProject
Global
	GlobalSection(SolutionConfigurationPlatforms) = preSolution
		Ad-Hoc|Any CPU = Ad-Hoc|Any CPU
		Ad-Hoc|iPhone = Ad-Hoc|iPhone
		Ad-Hoc|iPhoneSimulator = Ad-Hoc|iPhoneSimulator
		AppStore|Any CPU = AppStore|Any CPU
		AppStore|iPhone = AppStore|iPhone
		AppStore|iPhoneSimulator = AppStore|iPhoneSimulator
		Debug|Any CPU = Debug|Any CPU
		Debug|iPhone = Debug|iPhone
		Debug|iPhoneSimulator = Debug|iPhoneSimulator
		Release|Any CPU = Release|Any CPU
		Release|iPhone = Release|iPhone
		Release|iPhoneSimulator = Release|iPhoneSimulator
	EndGlobalSection
	GlobalSection(ProjectConfigurationPlatforms) = postSolution
		{5CBF394B-0330-4587-8625-5BA396BA85A8}.Ad-Hoc|Any CPU.ActiveCfg = Release|Any CPU
		{5CBF394B-0330-4587-8625-5BA396BA85A8}.Ad-Hoc|Any CPU.Build.0 = Release|Any CPU
		{5CBF394B-0330-4587-8625-5BA396BA85A8}.Ad-Hoc|Any CPU.Deploy.0 = Release|Any CPU
		{5CBF394B-0330-4587-8625-5BA396BA85A8}.Ad-Hoc|iPhone.ActiveCfg = Release|Any CPU
		{5CBF394B-0330-4587-8625-5BA396BA85A8}.Ad-Hoc|iPhone.Build.0 = Release|Any CPU
		{5CBF394B-0330-4587-8625-5BA396BA85A8}.Ad-Hoc|iPhone.Deploy.0 = Release|Any CPU
		{5CBF394B-0330-4587-8625-5BA396BA85A8}.Ad-Hoc|iPhoneSimulator.ActiveCfg = Release|Any CPU
		{5CBF394B-0330-4587-8625-5BA396BA85A8}.Ad-Hoc|iPhoneSimulator.Build.0 = Release|Any CPU
		{5CBF394B-0330-4587-8625-5BA396BA85A8}.Ad-Hoc|iPhoneSimulator.Deploy.0 = Release|Any CPU
		{5CBF394B-0330-4587-8625-5BA396BA85A8}.AppStore|Any CPU.ActiveCfg = Release|Any CPU
		{5CBF394B-0330-4587-8625-5BA396BA85A8}.AppStore|Any CPU.Build.0 = Release|Any CPU
		{5CBF394B-0330-4587-8625-5BA396BA85A8}.AppStore|Any CPU.Deploy.0 = Release|Any CPU
		{5CBF394B-0330-4587-8625-5BA396BA85A8}.AppStore|iPhone.ActiveCfg = Release|Any CPU
		{5CBF394B-0330-4587-8625-5BA396BA85A8}.AppStore|iPhone.Build.0 = Release|Any CPU
		{5CBF394B-0330-4587-8625-5BA396BA85A8}.AppStore|iPhone.Deploy.0 = Release|Any CPU
		{5CBF394B-0330-4587-8625-5BA396BA85A8}.AppStore|iPhoneSimulator.ActiveCfg = Release|Any CPU
		{5CBF394B-0330-4587-8625-5BA396BA85A8}.AppStore|iPhoneSimulator.Build.0 = Release|Any CPU
		{5CBF394B-0330-4587-8625-5BA396BA85A8}.AppStore|iPhoneSimulator.Deploy.0 = Release|Any CPU
		{5CBF394B-0330-4587-8625-5BA396BA85A8}.Debug|Any CPU.ActiveCfg = Debug|Any CPU
		{5CBF394B-0330-4587-8625-5BA396BA85A8}.Debug|Any CPU.Build.0 = Debug|Any CPU
		{5CBF394B-0330-4587-8625-5BA396BA85A8}.Debug|Any CPU.Deploy.0 = Debug|Any CPU
		{5CBF394B-0330-4587-8625-5BA396BA85A8}.Debug|iPhone.ActiveCfg = Debug|Any CPU
		{5CBF394B-0330-4587-8625-5BA396BA85A8}.Debug|iPhone.Build.0 = Debug|Any CPU
		{5CBF394B-0330-4587-8625-5BA396BA85A8}.Debug|iPhone.Deploy.0 = Debug|Any CPU
		{5CBF394B-0330-4587-8625-5BA396BA85A8}.Debug|iPhoneSimulator.ActiveCfg = Debug|Any CPU
		{5CBF394B-0330-4587-8625-5BA396BA85A8}.Debug|iPhoneSimulator.Build.0 = Debug|Any CPU
		{5CBF394B-0330-4587-8625-5BA396BA85A8}.Debug|iPhoneSimulator.Deploy.0 = Debug|Any CPU
		{5CBF394B-0330-4587-8625-5BA396BA85A8}.Release|Any CPU.ActiveCfg = Release|Any CPU
		{5CBF394B-0330-4587-8625-5BA396BA85A8}.Release|Any CPU.Build.0 = Release|Any CPU
		{5CBF394B-0330-4587-8625-5BA396BA85A8}.Release|Any CPU.Deploy.0 = Release|Any CPU
		{5CBF394B-0330-4587-8625-5BA396BA85A8}.Release|iPhone.ActiveCfg = Release|Any CPU
		{5CBF394B-0330-4587-8625-5BA396BA85A8}.Release|iPhone.Build.0 = Release|Any CPU
		{5CBF394B-0330-4587-8625-5BA396BA85A8}.Release|iPhone.Deploy.0 = Release|Any CPU
		{5CBF394B-0330-4587-8625-5BA396BA85A8}.Release|iPhoneSimulator.ActiveCfg = Release|Any CPU
		{5CBF394B-0330-4587-8625-5BA396BA85A8}.Release|iPhoneSimulator.Build.0 = Release|Any CPU
		{5CBF394B-0330-4587-8625-5BA396BA85A8}.Release|iPhoneSimulator.Deploy.0 = Release|Any CPU
		{28D37469-C9EB-4209-B9F0-006CAA599413}.Ad-Hoc|Any CPU.ActiveCfg = Ad-Hoc|iPhone
		{28D37469-C9EB-4209-B9F0-006CAA599413}.Ad-Hoc|Any CPU.Build.0 = Ad-Hoc|iPhone
		{28D37469-C9EB-4209-B9F0-006CAA599413}.Ad-Hoc|Any CPU.Deploy.0 = Ad-Hoc|iPhone
		{28D37469-C9EB-4209-B9F0-006CAA599413}.Ad-Hoc|iPhone.ActiveCfg = Ad-Hoc|iPhone
		{28D37469-C9EB-4209-B9F0-006CAA599413}.Ad-Hoc|iPhone.Build.0 = Ad-Hoc|iPhone
		{28D37469-C9EB-4209-B9F0-006CAA599413}.Ad-Hoc|iPhone.Deploy.0 = Ad-Hoc|iPhone
		{28D37469-C9EB-4209-B9F0-006CAA599413}.Ad-Hoc|iPhoneSimulator.ActiveCfg = Ad-Hoc|iPhoneSimulator
		{28D37469-C9EB-4209-B9F0-006CAA599413}.Ad-Hoc|iPhoneSimulator.Build.0 = Ad-Hoc|iPhoneSimulator
		{28D37469-C9EB-4209-B9F0-006CAA599413}.Ad-Hoc|iPhoneSimulator.Deploy.0 = Ad-Hoc|iPhoneSimulator
		{28D37469-C9EB-4209-B9F0-006CAA599413}.AppStore|Any CPU.ActiveCfg = AppStore|iPhone
		{28D37469-C9EB-4209-B9F0-006CAA599413}.AppStore|Any CPU.Build.0 = AppStore|iPhone
		{28D37469-C9EB-4209-B9F0-006CAA599413}.AppStore|Any CPU.Deploy.0 = AppStore|iPhone
		{28D37469-C9EB-4209-B9F0-006CAA599413}.AppStore|iPhone.ActiveCfg = AppStore|iPhone
		{28D37469-C9EB-4209-B9F0-006CAA599413}.AppStore|iPhone.Build.0 = AppStore|iPhone
		{28D37469-C9EB-4209-B9F0-006CAA599413}.AppStore|iPhone.Deploy.0 = AppStore|iPhone
		{28D37469-C9EB-4209-B9F0-006CAA599413}.AppStore|iPhoneSimulator.ActiveCfg = AppStore|iPhoneSimulator
		{28D37469-C9EB-4209-B9F0-006CAA599413}.AppStore|iPhoneSimulator.Build.0 = AppStore|iPhoneSimulator
		{28D37469-C9EB-4209-B9F0-006CAA599413}.AppStore|iPhoneSimulator.Deploy.0 = AppStore|iPhoneSimulator
		{28D37469-C9EB-4209-B9F0-006CAA599413}.Debug|Any CPU.ActiveCfg = Debug|iPhoneSimulator
		{28D37469-C9EB-4209-B9F0-006CAA599413}.Debug|Any CPU.Build.0 = Debug|iPhoneSimulator
		{28D37469-C9EB-4209-B9F0-006CAA599413}.Debug|Any CPU.Deploy.0 = Debug|iPhoneSimulator
		{28D37469-C9EB-4209-B9F0-006CAA599413}.Debug|iPhone.ActiveCfg = Debug|iPhone
		{28D37469-C9EB-4209-B9F0-006CAA599413}.Debug|iPhone.Build.0 = Debug|iPhone
		{28D37469-C9EB-4209-B9F0-006CAA599413}.Debug|iPhone.Deploy.0 = Debug|iPhone
		{28D37469-C9EB-4209-B9F0-006CAA599413}.Debug|iPhoneSimulator.ActiveCfg = Debug|iPhoneSimulator
		{28D37469-C9EB-4209-B9F0-006CAA599413}.Debug|iPhoneSimulator.Build.0 = Debug|iPhoneSimulator
		{28D37469-C9EB-4209-B9F0-006CAA599413}.Debug|iPhoneSimulator.Deploy.0 = Debug|iPhoneSimulator
		{28D37469-C9EB-4209-B9F0-006CAA599413}.Release|Any CPU.ActiveCfg = Release|iPhone
		{28D37469-C9EB-4209-B9F0-006CAA599413}.Release|Any CPU.Build.0 = Release|iPhone
		{28D37469-C9EB-4209-B9F0-006CAA599413}.Release|Any CPU.Deploy.0 = Release|iPhone
		{28D37469-C9EB-4209-B9F0-006CAA599413}.Release|iPhone.ActiveCfg = Release|iPhone
		{28D37469-C9EB-4209-B9F0-006CAA599413}.Release|iPhone.Build.0 = Release|iPhone
		{28D37469-C9EB-4209-B9F0-006CAA599413}.Release|iPhone.Deploy.0 = Release|iPhone
		{28D37469-C9EB-4209-B9F0-006CAA599413}.Release|iPhoneSimulator.ActiveCfg = Release|iPhoneSimulator
		{28D37469-C9EB-4209-B9F0-006CAA599413}.Release|iPhoneSimulator.Build.0 = Release|iPhoneSimulator
		{28D37469-C9EB-4209-B9F0-006CAA599413}.Release|iPhoneSimulator.Deploy.0 = Release|iPhoneSimulator
		{6C989F2C-AE39-449F-BAAB-E933EFAFB723}.Ad-Hoc|Any CPU.ActiveCfg = Debug|Any CPU
		{6C989F2C-AE39-449F-BAAB-E933EFAFB723}.Ad-Hoc|Any CPU.Build.0 = Debug|Any CPU
		{6C989F2C-AE39-449F-BAAB-E933EFAFB723}.Ad-Hoc|Any CPU.Deploy.0 = Debug|Any CPU
		{6C989F2C-AE39-449F-BAAB-E933EFAFB723}.Ad-Hoc|iPhone.ActiveCfg = Debug|Any CPU
		{6C989F2C-AE39-449F-BAAB-E933EFAFB723}.Ad-Hoc|iPhone.Build.0 = Debug|Any CPU
		{6C989F2C-AE39-449F-BAAB-E933EFAFB723}.Ad-Hoc|iPhone.Deploy.0 = Debug|Any CPU
		{6C989F2C-AE39-449F-BAAB-E933EFAFB723}.Ad-Hoc|iPhoneSimulator.ActiveCfg = Debug|Any CPU
		{6C989F2C-AE39-449F-BAAB-E933EFAFB723}.Ad-Hoc|iPhoneSimulator.Build.0 = Debug|Any CPU
		{6C989F2C-AE39-449F-BAAB-E933EFAFB723}.Ad-Hoc|iPhoneSimulator.Deploy.0 = Debug|Any CPU
		{6C989F2C-AE39-449F-BAAB-E933EFAFB723}.AppStore|Any CPU.ActiveCfg = Debug|Any CPU
		{6C989F2C-AE39-449F-BAAB-E933EFAFB723}.AppStore|Any CPU.Build.0 = Debug|Any CPU
		{6C989F2C-AE39-449F-BAAB-E933EFAFB723}.AppStore|Any CPU.Deploy.0 = Debug|Any CPU
		{6C989F2C-AE39-449F-BAAB-E933EFAFB723}.AppStore|iPhone.ActiveCfg = Debug|Any CPU
		{6C989F2C-AE39-449F-BAAB-E933EFAFB723}.AppStore|iPhone.Build.0 = Debug|Any CPU
		{6C989F2C-AE39-449F-BAAB-E933EFAFB723}.AppStore|iPhone.Deploy.0 = Debug|Any CPU
		{6C989F2C-AE39-449F-BAAB-E933EFAFB723}.AppStore|iPhoneSimulator.ActiveCfg = Debug|Any CPU
		{6C989F2C-AE39-449F-BAAB-E933EFAFB723}.AppStore|iPhoneSimulator.Build.0 = Debug|Any CPU
		{6C989F2C-AE39-449F-BAAB-E933EFAFB723}.AppStore|iPhoneSimulator.Deploy.0 = Debug|Any CPU
		{6C989F2C-AE39-449F-BAAB-E933EFAFB723}.Debug|Any CPU.ActiveCfg = Debug|Any CPU
		{6C989F2C-AE39-449F-BAAB-E933EFAFB723}.Debug|Any CPU.Build.0 = Debug|Any CPU
		{6C989F2C-AE39-449F-BAAB-E933EFAFB723}.Debug|Any CPU.Deploy.0 = Debug|Any CPU
		{6C989F2C-AE39-449F-BAAB-E933EFAFB723}.Debug|iPhone.ActiveCfg = Debug|Any CPU
		{6C989F2C-AE39-449F-BAAB-E933EFAFB723}.Debug|iPhone.Build.0 = Debug|Any CPU
		{6C989F2C-AE39-449F-BAAB-E933EFAFB723}.Debug|iPhone.Deploy.0 = Debug|Any CPU
		{6C989F2C-AE39-449F-BAAB-E933EFAFB723}.Debug|iPhoneSimulator.ActiveCfg = Debug|Any CPU
		{6C989F2C-AE39-449F-BAAB-E933EFAFB723}.Debug|iPhoneSimulator.Build.0 = Debug|Any CPU
		{6C989F2C-AE39-449F-BAAB-E933EFAFB723}.Debug|iPhoneSimulator.Deploy.0 = Debug|Any CPU
		{6C989F2C-AE39-449F-BAAB-E933EFAFB723}.Release|Any CPU.ActiveCfg = Release|Any CPU
		{6C989F2C-AE39-449F-BAAB-E933EFAFB723}.Release|Any CPU.Build.0 = Release|Any CPU
		{6C989F2C-AE39-449F-BAAB-E933EFAFB723}.Release|Any CPU.Deploy.0 = Release|Any CPU
		{6C989F2C-AE39-449F-BAAB-E933EFAFB723}.Release|iPhone.ActiveCfg = Release|Any CPU
		{6C989F2C-AE39-449F-BAAB-E933EFAFB723}.Release|iPhone.Build.0 = Release|Any CPU
		{6C989F2C-AE39-449F-BAAB-E933EFAFB723}.Release|iPhone.Deploy.0 = Release|Any CPU
		{6C989F2C-AE39-449F-BAAB-E933EFAFB723}.Release|iPhoneSimulator.ActiveCfg = Release|Any CPU
		{6C989F2C-AE39-449F-BAAB-E933EFAFB723}.Release|iPhoneSimulator.Build.0 = Release|Any CPU
		{6C989F2C-AE39-449F-BAAB-E933EFAFB723}.Release|iPhoneSimulator.Deploy.0 = Release|Any CPU
		{D1D1D2F3-0D23-4D94-86C8-F9A45E2CC320}.Ad-Hoc|Any CPU.ActiveCfg = Release|Any CPU
		{D1D1D2F3-0D23-4D94-86C8-F9A45E2CC320}.Ad-Hoc|Any CPU.Build.0 = Release|Any CPU
		{D1D1D2F3-0D23-4D94-86C8-F9A45E2CC320}.Ad-Hoc|iPhone.ActiveCfg = Release|Any CPU
		{D1D1D2F3-0D23-4D94-86C8-F9A45E2CC320}.Ad-Hoc|iPhone.Build.0 = Release|Any CPU
		{D1D1D2F3-0D23-4D94-86C8-F9A45E2CC320}.Ad-Hoc|iPhoneSimulator.ActiveCfg = Release|Any CPU
		{D1D1D2F3-0D23-4D94-86C8-F9A45E2CC320}.Ad-Hoc|iPhoneSimulator.Build.0 = Release|Any CPU
		{D1D1D2F3-0D23-4D94-86C8-F9A45E2CC320}.AppStore|Any CPU.ActiveCfg = Release|Any CPU
		{D1D1D2F3-0D23-4D94-86C8-F9A45E2CC320}.AppStore|Any CPU.Build.0 = Release|Any CPU
		{D1D1D2F3-0D23-4D94-86C8-F9A45E2CC320}.AppStore|iPhone.ActiveCfg = Release|Any CPU
		{D1D1D2F3-0D23-4D94-86C8-F9A45E2CC320}.AppStore|iPhone.Build.0 = Release|Any CPU
		{D1D1D2F3-0D23-4D94-86C8-F9A45E2CC320}.AppStore|iPhoneSimulator.ActiveCfg = Release|Any CPU
		{D1D1D2F3-0D23-4D94-86C8-F9A45E2CC320}.AppStore|iPhoneSimulator.Build.0 = Release|Any CPU
		{D1D1D2F3-0D23-4D94-86C8-F9A45E2CC320}.Debug|Any CPU.ActiveCfg = Debug|Any CPU
		{D1D1D2F3-0D23-4D94-86C8-F9A45E2CC320}.Debug|Any CPU.Build.0 = Debug|Any CPU
		{D1D1D2F3-0D23-4D94-86C8-F9A45E2CC320}.Debug|iPhone.ActiveCfg = Debug|Any CPU
		{D1D1D2F3-0D23-4D94-86C8-F9A45E2CC320}.Debug|iPhone.Build.0 = Debug|Any CPU
		{D1D1D2F3-0D23-4D94-86C8-F9A45E2CC320}.Debug|iPhoneSimulator.ActiveCfg = Debug|Any CPU
		{D1D1D2F3-0D23-4D94-86C8-F9A45E2CC320}.Debug|iPhoneSimulator.Build.0 = Debug|Any CPU
		{D1D1D2F3-0D23-4D94-86C8-F9A45E2CC320}.Release|Any CPU.ActiveCfg = Release|Any CPU
		{D1D1D2F3-0D23-4D94-86C8-F9A45E2CC320}.Release|Any CPU.Build.0 = Release|Any CPU
		{D1D1D2F3-0D23-4D94-86C8-F9A45E2CC320}.Release|iPhone.ActiveCfg = Release|Any CPU
		{D1D1D2F3-0D23-4D94-86C8-F9A45E2CC320}.Release|iPhone.Build.0 = Release|Any CPU
		{D1D1D2F3-0D23-4D94-86C8-F9A45E2CC320}.Release|iPhoneSimulator.ActiveCfg = Release|Any CPU
		{D1D1D2F3-0D23-4D94-86C8-F9A45E2CC320}.Release|iPhoneSimulator.Build.0 = Release|Any CPU
		{1AFDE089-8FC1-43B5-92B0-4E93EB911C4C}.Ad-Hoc|Any CPU.ActiveCfg = Release|Any CPU
		{1AFDE089-8FC1-43B5-92B0-4E93EB911C4C}.Ad-Hoc|Any CPU.Build.0 = Release|Any CPU
		{1AFDE089-8FC1-43B5-92B0-4E93EB911C4C}.Ad-Hoc|iPhone.ActiveCfg = Release|Any CPU
		{1AFDE089-8FC1-43B5-92B0-4E93EB911C4C}.Ad-Hoc|iPhone.Build.0 = Release|Any CPU
		{1AFDE089-8FC1-43B5-92B0-4E93EB911C4C}.Ad-Hoc|iPhoneSimulator.ActiveCfg = Release|Any CPU
		{1AFDE089-8FC1-43B5-92B0-4E93EB911C4C}.Ad-Hoc|iPhoneSimulator.Build.0 = Release|Any CPU
		{1AFDE089-8FC1-43B5-92B0-4E93EB911C4C}.AppStore|Any CPU.ActiveCfg = Release|Any CPU
		{1AFDE089-8FC1-43B5-92B0-4E93EB911C4C}.AppStore|Any CPU.Build.0 = Release|Any CPU
		{1AFDE089-8FC1-43B5-92B0-4E93EB911C4C}.AppStore|iPhone.ActiveCfg = Release|Any CPU
		{1AFDE089-8FC1-43B5-92B0-4E93EB911C4C}.AppStore|iPhone.Build.0 = Release|Any CPU
		{1AFDE089-8FC1-43B5-92B0-4E93EB911C4C}.AppStore|iPhoneSimulator.ActiveCfg = Release|Any CPU
		{1AFDE089-8FC1-43B5-92B0-4E93EB911C4C}.AppStore|iPhoneSimulator.Build.0 = Release|Any CPU
		{1AFDE089-8FC1-43B5-92B0-4E93EB911C4C}.Debug|Any CPU.ActiveCfg = Debug|Any CPU
		{1AFDE089-8FC1-43B5-92B0-4E93EB911C4C}.Debug|Any CPU.Build.0 = Debug|Any CPU
		{1AFDE089-8FC1-43B5-92B0-4E93EB911C4C}.Debug|iPhone.ActiveCfg = Debug|Any CPU
		{1AFDE089-8FC1-43B5-92B0-4E93EB911C4C}.Debug|iPhone.Build.0 = Debug|Any CPU
		{1AFDE089-8FC1-43B5-92B0-4E93EB911C4C}.Debug|iPhoneSimulator.ActiveCfg = Debug|Any CPU
		{1AFDE089-8FC1-43B5-92B0-4E93EB911C4C}.Debug|iPhoneSimulator.Build.0 = Debug|Any CPU
		{1AFDE089-8FC1-43B5-92B0-4E93EB911C4C}.Release|Any CPU.ActiveCfg = Release|Any CPU
		{1AFDE089-8FC1-43B5-92B0-4E93EB911C4C}.Release|Any CPU.Build.0 = Release|Any CPU
		{1AFDE089-8FC1-43B5-92B0-4E93EB911C4C}.Release|iPhone.ActiveCfg = Release|Any CPU
		{1AFDE089-8FC1-43B5-92B0-4E93EB911C4C}.Release|iPhone.Build.0 = Release|Any CPU
		{1AFDE089-8FC1-43B5-92B0-4E93EB911C4C}.Release|iPhoneSimulator.ActiveCfg = Release|Any CPU
		{1AFDE089-8FC1-43B5-92B0-4E93EB911C4C}.Release|iPhoneSimulator.Build.0 = Release|Any CPU
	EndGlobalSection
	GlobalSection(SolutionProperties) = preSolution
		HideSolutionNode = FALSE
	EndGlobalSection
	GlobalSection(ExtensibilityGlobals) = postSolution
		SolutionGuid = {98A28C5C-3B3C-42FE-9041-48CBC779F01D}
	EndGlobalSection
EndGlobal
